{
  "name": "Aula01",
  "lockfileVersion": 2,
  "requires": true,
  "packages": {
    "": {
      "dependencies": {
        "datatables.net": "^1.12.1",
        "datatables.net-buttons": "^2.2.3",
        "datatables.net-fixedcolumns": "^4.1.0",
        "datatables.net-fixedheader": "^3.2.3",
        "datatables.net-responsive": "^2.3.0",
        "datatables.net-rowgroup": "^1.2.0",
        "datatables.net-rowreorder": "^1.2.8",
        "datatables.net-select": "^1.4.0",
        "jQuery": "^1.7.4"
      }
    },
    "node_modules/datatables.net": {
      "version": "1.12.1",
      "resolved": "https://registry.npmjs.org/datatables.net/-/datatables.net-1.12.1.tgz",
      "integrity": "sha512-e6XAMUoV41JdQPS/r9YRfRcmTPcCVvyZbWI+xog1Zg+kjVliMQbEkvWK5XFItmi64Cvwg+IqsZbTUJ1KSY3umA==",
      "dependencies": {
        "jquery": ">=1.7"
      }
    },
    "node_modules/datatables.net-buttons": {
      "version": "2.2.3",
      "resolved": "https://registry.npmjs.org/datatables.net-buttons/-/datatables.net-buttons-2.2.3.tgz",
      "integrity": "sha512-9Xz52grBQxAgs6Meo+j/8koxrhnINt0fTc9tLYYb4UHxgtM2BzTGV4NA8KxXGxVjslem41e0quC5eXpXt9d4tw==",
      "dependencies": {
        "datatables.net": ">=1.11.3",
        "jquery": ">=1.7"
      }
    },
    "node_modules/datatables.net-buttons/node_modules/jquery": {
      "version": "3.6.0",
      "resolved": "https://registry.npmjs.org/jquery/-/jquery-3.6.0.tgz",
      "integrity": "sha512-JVzAR/AjBvVt2BmYhxRCSYysDsPcssdmTFnzyLEts9qNwmjmu4JTAMYubEfwVOSwpQ1I1sKKFcxhZCI2buerfw=="
    },
    "node_modules/datatables.net-fixedcolumns": {
      "version": "4.1.0",
      "resolved": "https://registry.npmjs.org/datatables.net-fixedcolumns/-/datatables.net-fixedcolumns-4.1.0.tgz",
      "integrity": "sha512-pxJrfs8PI/DAA1nsteEqUK3uzJ/mPQRMg1ILugOSAY+3RA//RZZhVhiHRptMrUXpkC4lko3brc/PgXEHV+VX9g==",
      "dependencies": {
        "datatables.net": ">=1.11.3",
        "jquery": ">=1.7"
      }
    },
    "node_modules/datatables.net-fixedcolumns/node_modules/jquery": {
      "version": "3.6.0",
      "resolved": "https://registry.npmjs.org/jquery/-/jquery-3.6.0.tgz",
      "integrity": "sha512-JVzAR/AjBvVt2BmYhxRCSYysDsPcssdmTFnzyLEts9qNwmjmu4JTAMYubEfwVOSwpQ1I1sKKFcxhZCI2buerfw=="
    },
    "node_modules/datatables.net-fixedheader": {
      "version": "3.2.3",
      "resolved": "https://registry.npmjs.org/datatables.net-fixedheader/-/datatables.net-fixedheader-3.2.3.tgz",
      "integrity": "sha512-z+YOTgKquPqXREiATuH8yAGZcpRRZQW+I2NVu5H/+rnIYO1CJIi63hQD/nnv51J7RaTXSUk1OQtriN/VUs4YMQ==",
      "dependencies": {
        "datatables.net": ">=1.11.3",
        "jquery": ">=1.7"
      }
    },
    "node_modules/datatables.net-fixedheader/node_modules/jquery": {
      "version": "3.6.0",
      "resolved": "https://registry.npmjs.org/jquery/-/jquery-3.6.0.tgz",
      "integrity": "sha512-JVzAR/AjBvVt2BmYhxRCSYysDsPcssdmTFnzyLEts9qNwmjmu4JTAMYubEfwVOSwpQ1I1sKKFcxhZCI2buerfw=="
    },
    "node_modules/datatables.net-responsive": {
      "version": "2.3.0",
      "resolved": "https://registry.npmjs.org/datatables.net-responsive/-/datatables.net-responsive-2.3.0.tgz",
      "integrity": "sha512-QA5QsD1sJQRQ7/IFi3rSd33O84f/Augz2KnaehjfuEANtK4KeC9Lbkut5tPuuMcK4jOpQPOOPYTbmfrt+tfh9w==",
      "dependencies": {
        "datatables.net": ">=1.11.3",
        "jquery": ">=1.7"
      }
    },
    "node_modules/datatables.net-responsive/node_modules/jquery": {
      "version": "3.6.0",
      "resolved": "https://registry.npmjs.org/jquery/-/jquery-3.6.0.tgz",
      "integrity": "sha512-JVzAR/AjBvVt2BmYhxRCSYysDsPcssdmTFnzyLEts9qNwmjmu4JTAMYubEfwVOSwpQ1I1sKKFcxhZCI2buerfw=="
    },
    "node_modules/datatables.net-rowgroup": {
      "version": "1.2.0",
      "resolved": "https://registry.npmjs.org/datatables.net-rowgroup/-/datatables.net-rowgroup-1.2.0.tgz",
      "integrity": "sha512-YQWL9Z70/XqBQK5YkBk/BhnmgQ1jux0ntHGpi+PYgeHEzS5lM1/oMoJEKiqIT02mVbUQOUE3z7t6rLSA0JbdvQ==",
      "dependencies": {
        "datatables.net": ">=1.11.3",
        "jquery": ">=1.7"
      }
    },
    "node_modules/datatables.net-rowgroup/node_modules/jquery": {
      "version": "3.6.0",
      "resolved": "https://registry.npmjs.org/jquery/-/jquery-3.6.0.tgz",
      "integrity": "sha512-JVzAR/AjBvVt2BmYhxRCSYysDsPcssdmTFnzyLEts9qNwmjmu4JTAMYubEfwVOSwpQ1I1sKKFcxhZCI2buerfw=="
    },
    "node_modules/datatables.net-rowreorder": {
      "version": "1.2.8",
      "resolved": "https://registry.npmjs.org/datatables.net-rowreorder/-/datatables.net-rowreorder-1.2.8.tgz",
      "integrity": "sha512-gFNKMa5DtigbjhSs96ZKT3uICC1z87EuLUIYLVPEXHc7v/WVOiQ3AaRvIQtExORPi/jQzxEoO5wO9UGZ0ldsUQ==",
      "dependencies": {
        "datatables.net": "^1.10.15",
        "jquery": ">=1.7"
      }
    },
    "node_modules/datatables.net-rowreorder/node_modules/jquery": {
      "version": "3.6.0",
      "resolved": "https://registry.npmjs.org/jquery/-/jquery-3.6.0.tgz",
      "integrity": "sha512-JVzAR/AjBvVt2BmYhxRCSYysDsPcssdmTFnzyLEts9qNwmjmu4JTAMYubEfwVOSwpQ1I1sKKFcxhZCI2buerfw=="
    },
    "node_modules/datatables.net-select": {
      "version": "1.4.0",
      "resolved": "https://registry.npmjs.org/datatables.net-select/-/datatables.net-select-1.4.0.tgz",
      "integrity": "sha512-CWEIpODzKXupZOx5KdPUnX5pDPO0xLrCxezE1MNktolFSz0duMw1w3ae25cEynP+w8wkaXbRfCiyGeBXx1YIvw==",
      "dependencies": {
        "datatables.net": ">=1.11.3",
        "jquery": ">=1.7"
      }
    },
    "node_modules/datatables.net-select/node_modules/jquery": {
      "version": "3.6.0",
      "resolved": "https://registry.npmjs.org/jquery/-/jquery-3.6.0.tgz",
      "integrity": "sha512-JVzAR/AjBvVt2BmYhxRCSYysDsPcssdmTFnzyLEts9qNwmjmu4JTAMYubEfwVOSwpQ1I1sKKFcxhZCI2buerfw=="
    },
    "node_modules/datatables.net/node_modules/jquery": {
      "version": "3.6.0",
      "resolved": "https://registry.npmjs.org/jquery/-/jquery-3.6.0.tgz",
      "integrity": "sha512-JVzAR/AjBvVt2BmYhxRCSYysDsPcssdmTFnzyLEts9qNwmjmu4JTAMYubEfwVOSwpQ1I1sKKFcxhZCI2buerfw=="
    },
    "node_modules/jQuery": {
      "version": "1.7.4",
      "resolved": "https://registry.npmjs.org/jQuery/-/jQuery-1.7.4.tgz",
      "integrity": "sha512-hf/hWBnkFhu4FzP96tBjZNPF9qTcUaOKFA8hpVJX0Cb/892JefRzoVGCe/vkmry/pOhZiK6VnQvnuV8CoHf1rA==",
      "deprecated": "This is deprecated. Please use 'jquery' (all lowercase).",
      "engines": {
        "node": ">=0.6"
      }
    }
  },
  "dependencies": {
    "datatables.net": {
      "version": "1.12.1",
      "resolved": "https://registry.npmjs.org/datatables.net/-/datatables.net-1.12.1.tgz",
      "integrity": "sha512-e6XAMUoV41JdQPS/r9YRfRcmTPcCVvyZbWI+xog1Zg+kjVliMQbEkvWK5XFItmi64Cvwg+IqsZbTUJ1KSY3umA==",
      "requires": {
        "jquery": ">=1.7"
      },
      "dependencies": {
        "jquery": {
          "version": "3.6.0",
          "resolved": "https://registry.npmjs.org/jquery/-/jquery-3.6.0.tgz",
          "integrity": "sha512-JVzAR/AjBvVt2BmYhxRCSYysDsPcssdmTFnzyLEts9qNwmjmu4JTAMYubEfwVOSwpQ1I1sKKFcxhZCI2buerfw=="
        }
      }
    },
    "datatables.net-buttons": {
      "version": "2.2.3",
      "resolved": "https://registry.npmjs.org/datatables.net-buttons/-/datatables.net-buttons-2.2.3.tgz",
      "integrity": "sha512-9Xz52grBQxAgs6Meo+j/8koxrhnINt0fTc9tLYYb4UHxgtM2BzTGV4NA8KxXGxVjslem41e0quC5eXpXt9d4tw==",
      "requires": {
        "datatables.net": ">=1.11.3",
        "jquery": ">=1.7"
      },
      "dependencies": {
        "jquery": {
          "version": "3.6.0",
          "resolved": "https://registry.npmjs.org/jquery/-/jquery-3.6.0.tgz",
          "integrity": "sha512-JVzAR/AjBvVt2BmYhxRCSYysDsPcssdmTFnzyLEts9qNwmjmu4JTAMYubEfwVOSwpQ1I1sKKFcxhZCI2buerfw=="
        }
      }
    },
    "datatables.net-fixedcolumns": {
      "version": "4.1.0",
      "resolved": "https://registry.npmjs.org/datatables.net-fixedcolumns/-/datatables.net-fixedcolumns-4.1.0.tgz",
      "integrity": "sha512-pxJrfs8PI/DAA1nsteEqUK3uzJ/mPQRMg1ILugOSAY+3RA//RZZhVhiHRptMrUXpkC4lko3brc/PgXEHV+VX9g==",
      "requires": {
        "datatables.net": ">=1.11.3",
        "jquery": ">=1.7"
      },
      "dependencies": {
        "jquery": {
          "version": "3.6.0",
          "resolved": "https://registry.npmjs.org/jquery/-/jquery-3.6.0.tgz",
          "integrity": "sha512-JVzAR/AjBvVt2BmYhxRCSYysDsPcssdmTFnzyLEts9qNwmjmu4JTAMYubEfwVOSwpQ1I1sKKFcxhZCI2buerfw=="
        }
      }
    },
    "datatables.net-fixedheader": {
      "version": "3.2.3",
      "resolved": "https://registry.npmjs.org/datatables.net-fixedheader/-/datatables.net-fixedheader-3.2.3.tgz",
      "integrity": "sha512-z+YOTgKquPqXREiATuH8yAGZcpRRZQW+I2NVu5H/+rnIYO1CJIi63hQD/nnv51J7RaTXSUk1OQtriN/VUs4YMQ==",
      "requires": {
        "datatables.net": ">=1.11.3",
        "jquery": ">=1.7"
      },
      "dependencies": {
        "jquery": {
          "version": "3.6.0",
          "resolved": "https://registry.npmjs.org/jquery/-/jquery-3.6.0.tgz",
          "integrity": "sha512-JVzAR/AjBvVt2BmYhxRCSYysDsPcssdmTFnzyLEts9qNwmjmu4JTAMYubEfwVOSwpQ1I1sKKFcxhZCI2buerfw=="
        }
      }
    },
    "datatables.net-responsive": {
      "version": "2.3.0",
      "resolved": "https://registry.npmjs.org/datatables.net-responsive/-/datatables.net-responsive-2.3.0.tgz",
      "integrity": "sha512-QA5QsD1sJQRQ7/IFi3rSd33O84f/Augz2KnaehjfuEANtK4KeC9Lbkut5tPuuMcK4jOpQPOOPYTbmfrt+tfh9w==",
      "requires": {
        "datatables.net": ">=1.11.3",
        "jquery": ">=1.7"
      },
      "dependencies": {
        "jquery": {
          "version": "3.6.0",
          "resolved": "https://registry.npmjs.org/jquery/-/jquery-3.6.0.tgz",
          "integrity": "sha512-JVzAR/AjBvVt2BmYhxRCSYysDsPcssdmTFnzyLEts9qNwmjmu4JTAMYubEfwVOSwpQ1I1sKKFcxhZCI2buerfw=="
        }
      }
    },
    "datatables.net-rowgroup": {
      "version": "1.2.0",
      "resolved": "https://registry.npmjs.org/datatables.net-rowgroup/-/datatables.net-rowgroup-1.2.0.tgz",
      "integrity": "sha512-YQWL9Z70/XqBQK5YkBk/BhnmgQ1jux0ntHGpi+PYgeHEzS5lM1/oMoJEKiqIT02mVbUQOUE3z7t6rLSA0JbdvQ==",
      "requires": {
        "datatables.net": ">=1.11.3",
        "jquery": ">=1.7"
      },
      "dependencies": {
        "jquery": {
          "version": "3.6.0",
          "resolved": "https://registry.npmjs.org/jquery/-/jquery-3.6.0.tgz",
          "integrity": "sha512-JVzAR/AjBvVt2BmYhxRCSYysDsPcssdmTFnzyLEts9qNwmjmu4JTAMYubEfwVOSwpQ1I1sKKFcxhZCI2buerfw=="
        }
      }
    },
    "datatables.net-rowreorder": {
      "version": "1.2.8",
      "resolved": "https://registry.npmjs.org/datatables.net-rowreorder/-/datatables.net-rowreorder-1.2.8.tgz",
      "integrity": "sha512-gFNKMa5DtigbjhSs96ZKT3uICC1z87EuLUIYLVPEXHc7v/WVOiQ3AaRvIQtExORPi/jQzxEoO5wO9UGZ0ldsUQ==",
      "requires": {
        "datatables.net": "^1.10.15",
        "jquery": ">=1.7"
      },
      "dependencies": {
        "jquery": {
          "version": "3.6.0",
          "resolved": "https://registry.npmjs.org/jquery/-/jquery-3.6.0.tgz",
          "integrity": "sha512-JVzAR/AjBvVt2BmYhxRCSYysDsPcssdmTFnzyLEts9qNwmjmu4JTAMYubEfwVOSwpQ1I1sKKFcxhZCI2buerfw=="
        }
      }
    },
    "datatables.net-select": {
      "version": "1.4.0",
      "resolved": "https://registry.npmjs.org/datatables.net-select/-/datatables.net-select-1.4.0.tgz",
      "integrity": "sha512-CWEIpODzKXupZOx5KdPUnX5pDPO0xLrCxezE1MNktolFSz0duMw1w3ae25cEynP+w8wkaXbRfCiyGeBXx1YIvw==",
      "requires": {
        "datatables.net": ">=1.11.3",
        "jquery": ">=1.7"
      },
      "dependencies": {
        "jquery": {
          "version": "3.6.0",
          "resolved": "https://registry.npmjs.org/jquery/-/jquery-3.6.0.tgz",
          "integrity": "sha512-JVzAR/AjBvVt2BmYhxRCSYysDsPcssdmTFnzyLEts9qNwmjmu4JTAMYubEfwVOSwpQ1I1sKKFcxhZCI2buerfw=="
        }
      }
    },
    "jQuery": {
      "version": "1.7.4",
      "resolved": "https://registry.npmjs.org/jQuery/-/jQuery-1.7.4.tgz",
      "integrity": "sha512-hf/hWBnkFhu4FzP96tBjZNPF9qTcUaOKFA8hpVJX0Cb/892JefRzoVGCe/vkmry/pOhZiK6VnQvnuV8CoHf1rA=="
    }
  }
}
